// !$*UTF8*$!
{
	archiveVersion = 1;
	classes = {
	};
	objectVersion = 51;
	objects = {

/* Begin PBXBuildFile section */
		1A0AD4EFEE0A2540576A6174 /* Pods_Joushinomimi.framework in Frameworks */ = {isa = PBXBuildFile; fileRef = E25235CCB940523F41D3A5CD /* Pods_Joushinomimi.framework */; };
		6448DFA623F70BB900E99BC1 /* Const.swift in Sources */ = {isa = PBXBuildFile; fileRef = 6448DFA523F70BB900E99BC1 /* Const.swift */; };
		6448DFAA23F70D7B00E99BC1 /* PostData.swift in Sources */ = {isa = PBXBuildFile; fileRef = 6448DFA923F70D7B00E99BC1 /* PostData.swift */; };
		6448DFAD23F71B7300E99BC1 /* PostTableViewCell.swift in Sources */ = {isa = PBXBuildFile; fileRef = 6448DFAB23F71B7300E99BC1 /* PostTableViewCell.swift */; };
		6448DFAE23F71B7300E99BC1 /* PostTableViewCell.xib in Resources */ = {isa = PBXBuildFile; fileRef = 6448DFAC23F71B7300E99BC1 /* PostTableViewCell.xib */; };
		6448DFB023F8237C00E99BC1 /* SearchViewController.swift in Sources */ = {isa = PBXBuildFile; fileRef = 6448DFAF23F8237C00E99BC1 /* SearchViewController.swift */; };
		6448DFB223F827DD00E99BC1 /* NotificationViewController.swift in Sources */ = {isa = PBXBuildFile; fileRef = 6448DFB123F827DD00E99BC1 /* NotificationViewController.swift */; };
		6448DFB623FAACE600E99BC1 /* SearchResultViewController.swift in Sources */ = {isa = PBXBuildFile; fileRef = 6448DFB523FAACE600E99BC1 /* SearchResultViewController.swift */; };
		64E83A4C23F6CD1A00A8D53F /* AppDelegate.swift in Sources */ = {isa = PBXBuildFile; fileRef = 64E83A4B23F6CD1A00A8D53F /* AppDelegate.swift */; };
		64E83A4E23F6CD1A00A8D53F /* SceneDelegate.swift in Sources */ = {isa = PBXBuildFile; fileRef = 64E83A4D23F6CD1A00A8D53F /* SceneDelegate.swift */; };
		64E83A5023F6CD1A00A8D53F /* ViewController.swift in Sources */ = {isa = PBXBuildFile; fileRef = 64E83A4F23F6CD1A00A8D53F /* ViewController.swift */; };
		64E83A5323F6CD1A00A8D53F /* Main.storyboard in Resources */ = {isa = PBXBuildFile; fileRef = 64E83A5123F6CD1A00A8D53F /* Main.storyboard */; };
		64E83A5523F6CD1B00A8D53F /* Assets.xcassets in Resources */ = {isa = PBXBuildFile; fileRef = 64E83A5423F6CD1B00A8D53F /* Assets.xcassets */; };
		64E83A5823F6CD1B00A8D53F /* LaunchScreen.storyboard in Resources */ = {isa = PBXBuildFile; fileRef = 64E83A5623F6CD1B00A8D53F /* LaunchScreen.storyboard */; };
		64E83A6023F6CF8C00A8D53F /* LoginViewController.swift in Sources */ = {isa = PBXBuildFile; fileRef = 64E83A5F23F6CF8C00A8D53F /* LoginViewController.swift */; };
		64E83A6223F6CF9900A8D53F /* HomeViewController.swift in Sources */ = {isa = PBXBuildFile; fileRef = 64E83A6123F6CF9900A8D53F /* HomeViewController.swift */; };
		64E83A6423F6CFB300A8D53F /* ImageSelectViewController.swift in Sources */ = {isa = PBXBuildFile; fileRef = 64E83A6323F6CFB300A8D53F /* ImageSelectViewController.swift */; };
		64E83A6623F6CFC000A8D53F /* PostViewController.swift in Sources */ = {isa = PBXBuildFile; fileRef = 64E83A6523F6CFC000A8D53F /* PostViewController.swift */; };
		64E83A6823F6CFD100A8D53F /* SettingViewController.swift in Sources */ = {isa = PBXBuildFile; fileRef = 64E83A6723F6CFD100A8D53F /* SettingViewController.swift */; };
		64E83A6A23F6D27F00A8D53F /* GoogleService-Info.plist in Resources */ = {isa = PBXBuildFile; fileRef = 64E83A6923F6D27F00A8D53F /* GoogleService-Info.plist */; };
/* End PBXBuildFile section */

/* Begin PBXFileReference section */
		6448DFA523F70BB900E99BC1 /* Const.swift */ = {isa = PBXFileReference; lastKnownFileType = sourcecode.swift; path = Const.swift; sourceTree = "<group>"; };
		6448DFA923F70D7B00E99BC1 /* PostData.swift */ = {isa = PBXFileReference; lastKnownFileType = sourcecode.swift; path = PostData.swift; sourceTree = "<group>"; };
		6448DFAB23F71B7300E99BC1 /* PostTableViewCell.swift */ = {isa = PBXFileReference; lastKnownFileType = sourcecode.swift; path = PostTableViewCell.swift; sourceTree = "<group>"; };
		6448DFAC23F71B7300E99BC1 /* PostTableViewCell.xib */ = {isa = PBXFileReference; lastKnownFileType = file.xib; path = PostTableViewCell.xib; sourceTree = "<group>"; };
		6448DFAF23F8237C00E99BC1 /* SearchViewController.swift */ = {isa = PBXFileReference; lastKnownFileType = sourcecode.swift; path = SearchViewController.swift; sourceTree = "<group>"; };
		6448DFB123F827DD00E99BC1 /* NotificationViewController.swift */ = {isa = PBXFileReference; lastKnownFileType = sourcecode.swift; path = NotificationViewController.swift; sourceTree = "<group>"; };
		6448DFB523FAACE600E99BC1 /* SearchResultViewController.swift */ = {isa = PBXFileReference; lastKnownFileType = sourcecode.swift; path = SearchResultViewController.swift; sourceTree = "<group>"; };
		64E83A4823F6CD1A00A8D53F /* Joushinomimi.app */ = {isa = PBXFileReference; explicitFileType = wrapper.application; includeInIndex = 0; path = Joushinomimi.app; sourceTree = BUILT_PRODUCTS_DIR; };
		64E83A4B23F6CD1A00A8D53F /* AppDelegate.swift */ = {isa = PBXFileReference; lastKnownFileType = sourcecode.swift; path = AppDelegate.swift; sourceTree = "<group>"; };
		64E83A4D23F6CD1A00A8D53F /* SceneDelegate.swift */ = {isa = PBXFileReference; lastKnownFileType = sourcecode.swift; path = SceneDelegate.swift; sourceTree = "<group>"; };
		64E83A4F23F6CD1A00A8D53F /* ViewController.swift */ = {isa = PBXFileReference; lastKnownFileType = sourcecode.swift; path = ViewController.swift; sourceTree = "<group>"; };
		64E83A5223F6CD1A00A8D53F /* Base */ = {isa = PBXFileReference; lastKnownFileType = file.storyboard; name = Base; path = Base.lproj/Main.storyboard; sourceTree = "<group>"; };
		64E83A5423F6CD1B00A8D53F /* Assets.xcassets */ = {isa = PBXFileReference; lastKnownFileType = folder.assetcatalog; path = Assets.xcassets; sourceTree = "<group>"; };
		64E83A5723F6CD1B00A8D53F /* Base */ = {isa = PBXFileReference; lastKnownFileType = file.storyboard; name = Base; path = Base.lproj/LaunchScreen.storyboard; sourceTree = "<group>"; };
		64E83A5923F6CD1B00A8D53F /* Info.plist */ = {isa = PBXFileReference; lastKnownFileType = text.plist.xml; path = Info.plist; sourceTree = "<group>"; };
		64E83A5F23F6CF8C00A8D53F /* LoginViewController.swift */ = {isa = PBXFileReference; lastKnownFileType = sourcecode.swift; path = LoginViewController.swift; sourceTree = "<group>"; };
		64E83A6123F6CF9900A8D53F /* HomeViewController.swift */ = {isa = PBXFileReference; lastKnownFileType = sourcecode.swift; path = HomeViewController.swift; sourceTree = "<group>"; };
		64E83A6323F6CFB300A8D53F /* ImageSelectViewController.swift */ = {isa = PBXFileReference; lastKnownFileType = sourcecode.swift; path = ImageSelectViewController.swift; sourceTree = "<group>"; };
		64E83A6523F6CFC000A8D53F /* PostViewController.swift */ = {isa = PBXFileReference; lastKnownFileType = sourcecode.swift; path = PostViewController.swift; sourceTree = "<group>"; };
		64E83A6723F6CFD100A8D53F /* SettingViewController.swift */ = {isa = PBXFileReference; lastKnownFileType = sourcecode.swift; path = SettingViewController.swift; sourceTree = "<group>"; };
		64E83A6923F6D27F00A8D53F /* GoogleService-Info.plist */ = {isa = PBXFileReference; fileEncoding = 4; lastKnownFileType = text.plist.xml; path = "GoogleService-Info.plist"; sourceTree = "<group>"; };
		74E6F4B8DC92D0962E38C98A /* Pods-Joushinomimi.debug.xcconfig */ = {isa = PBXFileReference; includeInIndex = 1; lastKnownFileType = text.xcconfig; name = "Pods-Joushinomimi.debug.xcconfig"; path = "Target Support Files/Pods-Joushinomimi/Pods-Joushinomimi.debug.xcconfig"; sourceTree = "<group>"; };
		CFF9628F510327907554DEE5 /* Pods-Joushinomimi.release.xcconfig */ = {isa = PBXFileReference; includeInIndex = 1; lastKnownFileType = text.xcconfig; name = "Pods-Joushinomimi.release.xcconfig"; path = "Target Support Files/Pods-Joushinomimi/Pods-Joushinomimi.release.xcconfig"; sourceTree = "<group>"; };
		E25235CCB940523F41D3A5CD /* Pods_Joushinomimi.framework */ = {isa = PBXFileReference; explicitFileType = wrapper.framework; includeInIndex = 0; path = Pods_Joushinomimi.framework; sourceTree = BUILT_PRODUCTS_DIR; };
/* End PBXFileReference section */

/* Begin PBXFrameworksBuildPhase section */
		64E83A4523F6CD1A00A8D53F /* Frameworks */ = {
			isa = PBXFrameworksBuildPhase;
			buildActionMask = 2147483647;
			files = (
				1A0AD4EFEE0A2540576A6174 /* Pods_Joushinomimi.framework in Frameworks */,
			);
			runOnlyForDeploymentPostprocessing = 0;
		};
/* End PBXFrameworksBuildPhase section */

/* Begin PBXGroup section */
		2078484B9CA5A517CAD60B31 /* Frameworks */ = {
			isa = PBXGroup;
			children = (
				E25235CCB940523F41D3A5CD /* Pods_Joushinomimi.framework */,
			);
			name = Frameworks;
			sourceTree = "<group>";
		};
		3094A1C5821DC8A4C2323023 /* Pods */ = {
			isa = PBXGroup;
			children = (
				74E6F4B8DC92D0962E38C98A /* Pods-Joushinomimi.debug.xcconfig */,
				CFF9628F510327907554DEE5 /* Pods-Joushinomimi.release.xcconfig */,
			);
			path = Pods;
			sourceTree = "<group>";
		};
		6448DFA223F6FEC800E99BC1 /* Model */ = {
			isa = PBXGroup;
			children = (
				64E83A5423F6CD1B00A8D53F /* Assets.xcassets */,
				64E83A5123F6CD1A00A8D53F /* Main.storyboard */,
				6448DFA523F70BB900E99BC1 /* Const.swift */,
				6448DFA923F70D7B00E99BC1 /* PostData.swift */,
			);
			path = Model;
			sourceTree = "<group>";
		};
		6448DFA323F6FEDF00E99BC1 /* Controller */ = {
			isa = PBXGroup;
			children = (
				64E83A4F23F6CD1A00A8D53F /* ViewController.swift */,
				6448DFAF23F8237C00E99BC1 /* SearchViewController.swift */,
				6448DFB523FAACE600E99BC1 /* SearchResultViewController.swift */,
				6448DFB123F827DD00E99BC1 /* NotificationViewController.swift */,
				64E83A5F23F6CF8C00A8D53F /* LoginViewController.swift */,
				64E83A6323F6CFB300A8D53F /* ImageSelectViewController.swift */,
				64E83A6123F6CF9900A8D53F /* HomeViewController.swift */,
				64E83A6523F6CFC000A8D53F /* PostViewController.swift */,
				64E83A6723F6CFD100A8D53F /* SettingViewController.swift */,
			);
			path = Controller;
			sourceTree = "<group>";
		};
		6448DFA423F6FEE700E99BC1 /* View */ = {
			isa = PBXGroup;
			children = (
				64E83A5623F6CD1B00A8D53F /* LaunchScreen.storyboard */,
				6448DFAB23F71B7300E99BC1 /* PostTableViewCell.swift */,
				6448DFAC23F71B7300E99BC1 /* PostTableViewCell.xib */,
			);
			path = View;
			sourceTree = "<group>";
		};
		64E83A3F23F6CD1A00A8D53F = {
			isa = PBXGroup;
			children = (
				64E83A4A23F6CD1A00A8D53F /* Joushinomimi */,
				64E83A4923F6CD1A00A8D53F /* Products */,
				3094A1C5821DC8A4C2323023 /* Pods */,
				2078484B9CA5A517CAD60B31 /* Frameworks */,
			);
			sourceTree = "<group>";
		};
		64E83A4923F6CD1A00A8D53F /* Products */ = {
			isa = PBXGroup;
			children = (
				64E83A4823F6CD1A00A8D53F /* Joushinomimi.app */,
			);
			name = Products;
			sourceTree = "<group>";
		};
		64E83A4A23F6CD1A00A8D53F /* Joushinomimi */ = {
			isa = PBXGroup;
			children = (
				64E83A4B23F6CD1A00A8D53F /* AppDelegate.swift */,
				64E83A4D23F6CD1A00A8D53F /* SceneDelegate.swift */,
				6448DFA223F6FEC800E99BC1 /* Model */,
				6448DFA423F6FEE700E99BC1 /* View */,
				6448DFA323F6FEDF00E99BC1 /* Controller */,
				64E83A5923F6CD1B00A8D53F /* Info.plist */,
				64E83A6923F6D27F00A8D53F /* GoogleService-Info.plist */,
			);
			path = Joushinomimi;
			sourceTree = "<group>";
		};
/* End PBXGroup section */

/* Begin PBXNativeTarget section */
		64E83A4723F6CD1A00A8D53F /* Joushinomimi */ = {
			isa = PBXNativeTarget;
			buildConfigurationList = 64E83A5C23F6CD1B00A8D53F /* Build configuration list for PBXNativeTarget "Joushinomimi" */;
			buildPhases = (
				32C68A8A60928B360ADF0F50 /* [CP] Check Pods Manifest.lock */,
				64E83A4423F6CD1A00A8D53F /* Sources */,
				64E83A4523F6CD1A00A8D53F /* Frameworks */,
				64E83A4623F6CD1A00A8D53F /* Resources */,
				E35DB30530BD30E9D0D03B54 /* [CP] Embed Pods Frameworks */,
			);
			buildRules = (
			);
			dependencies = (
			);
			name = Joushinomimi;
			productName = Joushinomimi;
			productReference = 64E83A4823F6CD1A00A8D53F /* Joushinomimi.app */;
			productType = "com.apple.product-type.application";
		};
/* End PBXNativeTarget section */

/* Begin PBXProject section */
		64E83A4023F6CD1A00A8D53F /* Project object */ = {
			isa = PBXProject;
			attributes = {
				LastSwiftUpdateCheck = 1130;
				LastUpgradeCheck = 1130;
				ORGANIZATIONNAME = takahashi;
				TargetAttributes = {
					64E83A4723F6CD1A00A8D53F = {
						CreatedOnToolsVersion = 11.3;
					};
				};
			};
			buildConfigurationList = 64E83A4323F6CD1A00A8D53F /* Build configuration list for PBXProject "Joushinomimi" */;
			compatibilityVersion = "Xcode 9.3";
			developmentRegion = en;
			hasScannedForEncodings = 0;
			knownRegions = (
				en,
				Base,
			);
			mainGroup = 64E83A3F23F6CD1A00A8D53F;
			productRefGroup = 64E83A4923F6CD1A00A8D53F /* Products */;
			projectDirPath = "";
			projectRoot = "";
			targets = (
				64E83A4723F6CD1A00A8D53F /* Joushinomimi */,
			);
		};
/* End PBXProject section */

/* Begin PBXResourcesBuildPhase section */
		64E83A4623F6CD1A00A8D53F /* Resources */ = {
			isa = PBXResourcesBuildPhase;
			buildActionMask = 2147483647;
			files = (
				64E83A6A23F6D27F00A8D53F /* GoogleService-Info.plist in Resources */,
				6448DFAE23F71B7300E99BC1 /* PostTableViewCell.xib in Resources */,
				64E83A5823F6CD1B00A8D53F /* LaunchScreen.storyboard in Resources */,
				64E83A5523F6CD1B00A8D53F /* Assets.xcassets in Resources */,
				64E83A5323F6CD1A00A8D53F /* Main.storyboard in Resources */,
			);
			runOnlyForDeploymentPostprocessing = 0;
		};
/* End PBXResourcesBuildPhase section */

/* Begin PBXShellScriptBuildPhase section */
		32C68A8A60928B360ADF0F50 /* [CP] Check Pods Manifest.lock */ = {
			isa = PBXShellScriptBuildPhase;
			buildActionMask = 2147483647;
			files = (
			);
			inputFileListPaths = (
			);
			inputPaths = (
				"${PODS_PODFILE_DIR_PATH}/Podfile.lock",
				"${PODS_ROOT}/Manifest.lock",
			);
			name = "[CP] Check Pods Manifest.lock";
			outputFileListPaths = (
			);
			outputPaths = (
				"$(DERIVED_FILE_DIR)/Pods-Joushinomimi-checkManifestLockResult.txt",
			);
			runOnlyForDeploymentPostprocessing = 0;
			shellPath = /bin/sh;
			shellScript = "diff \"${PODS_PODFILE_DIR_PATH}/Podfile.lock\" \"${PODS_ROOT}/Manifest.lock\" > /dev/null\nif [ $? != 0 ] ; then\n    # print error to STDERR\n    echo \"error: The sandbox is not in sync with the Podfile.lock. Run 'pod install' or update your CocoaPods installation.\" >&2\n    exit 1\nfi\n# This output is used by Xcode 'outputs' to avoid re-running this script phase.\necho \"SUCCESS\" > \"${SCRIPT_OUTPUT_FILE_0}\"\n";
			showEnvVarsInLog = 0;
		};
		E35DB30530BD30E9D0D03B54 /* [CP] Embed Pods Frameworks */ = {
			isa = PBXShellScriptBuildPhase;
			buildActionMask = 2147483647;
			files = (
			);
			inputFileListPaths = (
				"${PODS_ROOT}/Target Support Files/Pods-Joushinomimi/Pods-Joushinomimi-frameworks-${CONFIGURATION}-input-files.xcfilelist",
			);
			name = "[CP] Embed Pods Frameworks";
			outputFileListPaths = (
				"${PODS_ROOT}/Target Support Files/Pods-Joushinomimi/Pods-Joushinomimi-frameworks-${CONFIGURATION}-output-files.xcfilelist",
			);
			runOnlyForDeploymentPostprocessing = 0;
			shellPath = /bin/sh;
			shellScript = "\"${PODS_ROOT}/Target Support Files/Pods-Joushinomimi/Pods-Joushinomimi-frameworks.sh\"\n";
			showEnvVarsInLog = 0;
		};
/* End PBXShellScriptBuildPhase section */

/* Begin PBXSourcesBuildPhase section */
		64E83A4423F6CD1A00A8D53F /* Sources */ = {
			isa = PBXSourcesBuildPhase;
			buildActionMask = 2147483647;
			files = (
				6448DFAD23F71B7300E99BC1 /* PostTableViewCell.swift in Sources */,
				64E83A6423F6CFB300A8D53F /* ImageSelectViewController.swift in Sources */,
				64E83A6223F6CF9900A8D53F /* HomeViewController.swift in Sources */,
				64E83A6623F6CFC000A8D53F /* PostViewController.swift in Sources */,
				64E83A6823F6CFD100A8D53F /* SettingViewController.swift in Sources */,
				64E83A6023F6CF8C00A8D53F /* LoginViewController.swift in Sources */,
				6448DFB023F8237C00E99BC1 /* SearchViewController.swift in Sources */,
				6448DFAA23F70D7B00E99BC1 /* PostData.swift in Sources */,
				6448DFB623FAACE600E99BC1 /* SearchResultViewController.swift in Sources */,
				64E83A5023F6CD1A00A8D53F /* ViewController.swift in Sources */,
				6448DFB223F827DD00E99BC1 /* NotificationViewController.swift in Sources */,
				64E83A4C23F6CD1A00A8D53F /* AppDelegate.swift in Sources */,
				64E83A4E23F6CD1A00A8D53F /* SceneDelegate.swift in Sources */,
				6448DFA623F70BB900E99BC1 /* Const.swift in Sources */,
			);
			runOnlyForDeploymentPostprocessing = 0;
		};
/* End PBXSourcesBuildPhase section */

/* Begin PBXVariantGroup section */
		64E83A5123F6CD1A00A8D53F /* Main.storyboard */ = {
			isa = PBXVariantGroup;
			children = (
				64E83A5223F6CD1A00A8D53F /* Base */,
			);
			name = Main.storyboard;
			sourceTree = "<group>";
		};
		64E83A5623F6CD1B00A8D53F /* LaunchScreen.storyboard */ = {
			isa = PBXVariantGroup;
			children = (
				64E83A5723F6CD1B00A8D53F /* Base */,
			);
			name = LaunchScreen.storyboard;
			sourceTree = "<group>";
		};
/* End PBXVariantGroup section */

/* Begin XCBuildConfiguration section */
		64E83A5A23F6CD1B00A8D53F /* Debug */ = {
			isa = XCBuildConfiguration;
			buildSettings = {
				ALWAYS_SEARCH_USER_PATHS = NO;
				CLANG_ANALYZER_NONNULL = YES;
				CLANG_ANALYZER_NUMBER_OBJECT_CONVERSION = YES_AGGRESSIVE;
				CLANG_CXX_LANGUAGE_STANDARD = "gnu++14";
				CLANG_CXX_LIBRARY = "libc++";
				CLANG_ENABLE_MODULES = YES;
				CLANG_ENABLE_OBJC_ARC = YES;
				CLANG_ENABLE_OBJC_WEAK = YES;
				CLANG_WARN_BLOCK_CAPTURE_AUTORELEASING = YES;
				CLANG_WARN_BOOL_CONVERSION = YES;
				CLANG_WARN_COMMA = YES;
				CLANG_WARN_CONSTANT_CONVERSION = YES;
				CLANG_WARN_DEPRECATED_OBJC_IMPLEMENTATIONS = YES;
				CLANG_WARN_DIRECT_OBJC_ISA_USAGE = YES_ERROR;
				CLANG_WARN_DOCUMENTATION_COMMENTS = YES;
				CLANG_WARN_EMPTY_BODY = YES;
				CLANG_WARN_ENUM_CONVERSION = YES;
				CLANG_WARN_INFINITE_RECURSION = YES;
				CLANG_WARN_INT_CONVERSION = YES;
				CLANG_WARN_NON_LITERAL_NULL_CONVERSION = YES;
				CLANG_WARN_OBJC_IMPLICIT_RETAIN_SELF = YES;
				CLANG_WARN_OBJC_LITERAL_CONVERSION = YES;
				CLANG_WARN_OBJC_ROOT_CLASS = YES_ERROR;
				CLANG_WARN_RANGE_LOOP_ANALYSIS = YES;
				CLANG_WARN_STRICT_PROTOTYPES = YES;
				CLANG_WARN_SUSPICIOUS_MOVE = YES;
				CLANG_WARN_UNGUARDED_AVAILABILITY = YES_AGGRESSIVE;
				CLANG_WARN_UNREACHABLE_CODE = YES;
				CLANG_WARN__DUPLICATE_METHOD_MATCH = YES;
				COPY_PHASE_STRIP = NO;
				DEBUG_INFORMATION_FORMAT = dwarf;
				ENABLE_STRICT_OBJC_MSGSEND = YES;
				ENABLE_TESTABILITY = YES;
				GCC_C_LANGUAGE_STANDARD = gnu11;
				GCC_DYNAMIC_NO_PIC = NO;
				GCC_NO_COMMON_BLOCKS = YES;
				GCC_OPTIMIZATION_LEVEL = 0;
				GCC_PREPROCESSOR_DEFINITIONS = (
					"DEBUG=1",
					"$(inherited)",
				);
				GCC_WARN_64_TO_32_BIT_CONVERSION = YES;
				GCC_WARN_ABOUT_RETURN_TYPE = YES_ERROR;
				GCC_WARN_UNDECLARED_SELECTOR = YES;
				GCC_WARN_UNINITIALIZED_AUTOS = YES_AGGRESSIVE;
				GCC_WARN_UNUSED_FUNCTION = YES;
				GCC_WARN_UNUSED_VARIABLE = YES;
				IPHONEOS_DEPLOYMENT_TARGET = 13.2;
				MTL_ENABLE_DEBUG_INFO = INCLUDE_SOURCE;
				MTL_FAST_MATH = YES;
				ONLY_ACTIVE_ARCH = YES;
				SDKROOT = iphoneos;
				SWIFT_ACTIVE_COMPILATION_CONDITIONS = DEBUG;
				SWIFT_OPTIMIZATION_LEVEL = "-Onone";
			};
			name = Debug;
		};
		64E83A5B23F6CD1B00A8D53F /* Release */ = {
			isa = XCBuildConfiguration;
			buildSettings = {
				ALWAYS_SEARCH_USER_PATHS = NO;
				CLANG_ANALYZER_NONNULL = YES;
				CLANG_ANALYZER_NUMBER_OBJECT_CONVERSION = YES_AGGRESSIVE;
				CLANG_CXX_LANGUAGE_STANDARD = "gnu++14";
				CLANG_CXX_LIBRARY = "libc++";
				CLANG_ENABLE_MODULES = YES;
				CLANG_ENABLE_OBJC_ARC = YES;
				CLANG_ENABLE_OBJC_WEAK = YES;
				CLANG_WARN_BLOCK_CAPTURE_AUTORELEASING = YES;
				CLANG_WARN_BOOL_CONVERSION = YES;
				CLANG_WARN_COMMA = YES;
				CLANG_WARN_CONSTANT_CONVERSION = YES;
				CLANG_WARN_DEPRECATED_OBJC_IMPLEMENTATIONS = YES;
				CLANG_WARN_DIRECT_OBJC_ISA_USAGE = YES_ERROR;
				CLANG_WARN_DOCUMENTATION_COMMENTS = YES;
				CLANG_WARN_EMPTY_BODY = YES;
				CLANG_WARN_ENUM_CONVERSION = YES;
				CLANG_WARN_INFINITE_RECURSION = YES;
				CLANG_WARN_INT_CONVERSION = YES;
				CLANG_WARN_NON_LITERAL_NULL_CONVERSION = YES;
				CLANG_WARN_OBJC_IMPLICIT_RETAIN_SELF = YES;
				CLANG_WARN_OBJC_LITERAL_CONVERSION = YES;
				CLANG_WARN_OBJC_ROOT_CLASS = YES_ERROR;
				CLANG_WARN_RANGE_LOOP_ANALYSIS = YES;
				CLANG_WARN_STRICT_PROTOTYPES = YES;
				CLANG_WARN_SUSPICIOUS_MOVE = YES;
				CLANG_WARN_UNGUARDED_AVAILABILITY = YES_AGGRESSIVE;
				CLANG_WARN_UNREACHABLE_CODE = YES;
				CLANG_WARN__DUPLICATE_METHOD_MATCH = YES;
				COPY_PHASE_STRIP = NO;
				DEBUG_INFORMATION_FORMAT = "dwarf-with-dsym";
				ENABLE_NS_ASSERTIONS = NO;
				ENABLE_STRICT_OBJC_MSGSEND = YES;
				GCC_C_LANGUAGE_STANDARD = gnu11;
				GCC_NO_COMMON_BLOCKS = YES;
				GCC_WARN_64_TO_32_BIT_CONVERSION = YES;
				GCC_WARN_ABOUT_RETURN_TYPE = YES_ERROR;
				GCC_WARN_UNDECLARED_SELECTOR = YES;
				GCC_WARN_UNINITIALIZED_AUTOS = YES_AGGRESSIVE;
				GCC_WARN_UNUSED_FUNCTION = YES;
				GCC_WARN_UNUSED_VARIABLE = YES;
				IPHONEOS_DEPLOYMENT_TARGET = 13.2;
				MTL_ENABLE_DEBUG_INFO = NO;
				MTL_FAST_MATH = YES;
				SDKROOT = iphoneos;
				SWIFT_COMPILATION_MODE = wholemodule;
				SWIFT_OPTIMIZATION_LEVEL = "-O";
				VALIDATE_PRODUCT = YES;
			};
			name = Release;
		};
		64E83A5D23F6CD1B00A8D53F /* Debug */ = {
			isa = XCBuildConfiguration;
			baseConfigurationReference = 74E6F4B8DC92D0962E38C98A /* Pods-Joushinomimi.debug.xcconfig */;
			buildSettings = {
				ASSETCATALOG_COMPILER_APPICON_NAME = AppIcon;
				CODE_SIGN_STYLE = Automatic;
				DEVELOPMENT_TEAM = J8LP9MW8T8;
				INFOPLIST_FILE = Joushinomimi/Info.plist;
				LD_RUNPATH_SEARCH_PATHS = (
					"$(inherited)",
					"@executable_path/Frameworks",
				);
				PRODUCT_BUNDLE_IDENTIFIER = jp.tomokazu.takahashi.Joushinomimi;
				PRODUCT_NAME = "$(TARGET_NAME)";
				SWIFT_VERSION = 5.0;
				TARGETED_DEVICE_FAMILY = 1;
			};
			name = Debug;
		};
		64E83A5E23F6CD1B00A8D53F /* Release */ = {
			isa = XCBuildConfiguration;
			baseConfigurationReference = CFF9628F510327907554DEE5 /* Pods-Joushinomimi.release.xcconfig */;
			buildSettings = {
				ASSETCATALOG_COMPILER_APPICON_NAME = AppIcon;
				CODE_SIGN_STYLE = Automatic;
				DEVELOPMENT_TEAM = J8LP9MW8T8;
				INFOPLIST_FILE = Joushinomimi/Info.plist;
				LD_RUNPATH_SEARCH_PATHS = (
					"$(inherited)",
					"@executable_path/Frameworks",
				);
				PRODUCT_BUNDLE_IDENTIFIER = jp.tomokazu.takahashi.Joushinomimi;
				PRODUCT_NAME = "$(TARGET_NAME)";
				SWIFT_VERSION = 5.0;
				TARGETED_DEVICE_FAMILY = 1;
			};
			name = Release;
		};
/* End XCBuildConfiguration section */

/* Begin XCConfigurationList section */
		64E83A4323F6CD1A00A8D53F /* Build configuration list for PBXProject "Joushinomimi" */ = {
			isa = XCConfigurationList;
			buildConfigurations = (
				64E83A5A23F6CD1B00A8D53F /* Debug */,
				64E83A5B23F6CD1B00A8D53F /* Release */,
			);
			defaultConfigurationIsVisible = 0;
			defaultConfigurationName = Release;
		};
		64E83A5C23F6CD1B00A8D53F /* Build configuration list for PBXNativeTarget "Joushinomimi" */ = {
			isa = XCConfigurationList;
			buildConfigurations = (
				64E83A5D23F6CD1B00A8D53F /* Debug */,
				64E83A5E23F6CD1B00A8D53F /* Release */,
			);
			defaultConfigurationIsVisible = 0;
			defaultConfigurationName = Release;
		};
/* End XCConfigurationList section */
	};
	rootObject = 64E83A4023F6CD1A00A8D53F /* Project object */;
}
